{
  "version": 4,
  "terraform_version": "1.13.3",
  "serial": 61,
  "lineage": "1d086edb-71c4-df05-5a06-0ed0f1811cb5",
  "outputs": {
    "dev_server_ip": {
      "value": "18.192.45.60",
      "type": "string"
    },
    "jenkins_master_ip": {
      "value": "63.178.62.9",
      "type": "string"
    },
    "jenkins_slave_ip": {
      "value": "63.177.108.241",
      "type": "string"
    },
    "prod_server_ip": {
      "value": "54.93.248.165",
      "type": "string"
    },
    "stage_server_ip": {
      "value": "18.194.32.176",
      "type": "string"
    }
  },
  "resources": [
    {
      "mode": "data",
      "type": "aws_subnets",
      "name": "default",
      "provider": "provider[\"registry.terraform.io/hashicorp/aws\"]",
      "instances": [
        {
          "schema_version": 0,
          "attributes": {
            "filter": [
              {
                "name": "vpc-id",
                "values": [
                  "vpc-0aa8805bce7f7c908"
                ]
              }
            ],
            "id": "eu-central-1",
            "ids": [
              "subnet-0487f6b19fd16cfa0",
              "subnet-08b67a56a0acf547f",
              "subnet-02f620e54aa9f0500"
            ],
            "tags": null,
            "timeouts": null
          },
          "sensitive_attributes": [],
          "identity_schema_version": 0
        }
      ]
    },
    {
      "mode": "data",
      "type": "aws_vpc",
      "name": "default",
      "provider": "provider[\"registry.terraform.io/hashicorp/aws\"]",
      "instances": [
        {
          "schema_version": 0,
          "attributes": {
            "arn": "arn:aws:ec2:eu-central-1:381492070404:vpc/vpc-0aa8805bce7f7c908",
            "cidr_block": "172.31.0.0/16",
            "cidr_block_associations": [
              {
                "association_id": "vpc-cidr-assoc-052de59f21beba2e1",
                "cidr_block": "172.31.0.0/16",
                "state": "associated"
              }
            ],
            "default": true,
            "dhcp_options_id": "dopt-066d77cd212b7d3b3",
            "enable_dns_hostnames": true,
            "enable_dns_support": true,
            "enable_network_address_usage_metrics": false,
            "filter": null,
            "id": "vpc-0aa8805bce7f7c908",
            "instance_tenancy": "default",
            "ipv6_association_id": "",
            "ipv6_cidr_block": "",
            "main_route_table_id": "rtb-06cfaae2cc2b3b5e4",
            "owner_id": "381492070404",
            "state": null,
            "tags": {},
            "timeouts": null
          },
          "sensitive_attributes": [],
          "identity_schema_version": 0
        }
      ]
    },
    {
      "mode": "managed",
      "type": "aws_instance",
      "name": "dev_server",
      "provider": "provider[\"registry.terraform.io/hashicorp/aws\"]",
      "instances": [
        {
          "schema_version": 1,
          "attributes": {
            "ami": "ami-0a116fa7c861dd5f9",
            "arn": "arn:aws:ec2:eu-central-1:381492070404:instance/i-099bcd4384bc1edd7",
            "associate_public_ip_address": true,
            "availability_zone": "eu-central-1b",
            "capacity_reservation_specification": [
              {
                "capacity_reservation_preference": "open",
                "capacity_reservation_target": []
              }
            ],
            "cpu_core_count": 1,
            "cpu_options": [
              {
                "amd_sev_snp": "",
                "core_count": 1,
                "threads_per_core": 2
              }
            ],
            "cpu_threads_per_core": 2,
            "credit_specification": [
              {
                "cpu_credits": "unlimited"
              }
            ],
            "disable_api_stop": false,
            "disable_api_termination": false,
            "ebs_block_device": [],
            "ebs_optimized": false,
            "enable_primary_ipv6": null,
            "enclave_options": [
              {
                "enabled": false
              }
            ],
            "ephemeral_block_device": [],
            "get_password_data": false,
            "hibernation": false,
            "host_id": "",
            "host_resource_group_arn": null,
            "iam_instance_profile": "",
            "id": "i-099bcd4384bc1edd7",
            "instance_initiated_shutdown_behavior": "stop",
            "instance_lifecycle": "",
            "instance_market_options": [],
            "instance_state": "running",
            "instance_type": "t3.micro",
            "ipv6_address_count": 0,
            "ipv6_addresses": [],
            "key_name": "terraform-ec2-key",
            "launch_template": [],
            "maintenance_options": [
              {
                "auto_recovery": "default"
              }
            ],
            "metadata_options": [
              {
                "http_endpoint": "enabled",
                "http_protocol_ipv6": "disabled",
                "http_put_response_hop_limit": 2,
                "http_tokens": "required",
                "instance_metadata_tags": "disabled"
              }
            ],
            "monitoring": false,
            "network_interface": [],
            "outpost_arn": "",
            "password_data": "",
            "placement_group": "",
            "placement_partition_number": 0,
            "primary_network_interface_id": "eni-0c46de0ebf10549ae",
            "private_dns": "ip-172-31-37-223.eu-central-1.compute.internal",
            "private_dns_name_options": [
              {
                "enable_resource_name_dns_a_record": false,
                "enable_resource_name_dns_aaaa_record": false,
                "hostname_type": "ip-name"
              }
            ],
            "private_ip": "172.31.37.223",
            "public_dns": "ec2-18-192-45-60.eu-central-1.compute.amazonaws.com",
            "public_ip": "18.192.45.60",
            "root_block_device": [
              {
                "delete_on_termination": true,
                "device_name": "/dev/sda1",
                "encrypted": false,
                "iops": 3000,
                "kms_key_id": "",
                "tags": {},
                "tags_all": {},
                "throughput": 125,
                "volume_id": "vol-0b5ee11745362af08",
                "volume_size": 8,
                "volume_type": "gp3"
              }
            ],
            "secondary_private_ips": [],
            "security_groups": [
              "devops_project_sg"
            ],
            "source_dest_check": true,
            "spot_instance_request_id": "",
            "subnet_id": "subnet-0487f6b19fd16cfa0",
            "tags": {
              "Environment": "Dev",
              "Name": "Dev-Server"
            },
            "tags_all": {
              "Environment": "Dev",
              "Name": "Dev-Server"
            },
            "tenancy": "default",
            "timeouts": null,
            "user_data": null,
            "user_data_base64": null,
            "user_data_replace_on_change": false,
            "volume_tags": null,
            "vpc_security_group_ids": [
              "sg-01f1767441b2fd335"
            ]
          },
          "sensitive_attributes": [],
          "identity_schema_version": 0,
          "private": "eyJlMmJmYjczMC1lY2FhLTExZTYtOGY4OC0zNDM2M2JjN2M0YzAiOnsiY3JlYXRlIjo2MDAwMDAwMDAwMDAsImRlbGV0ZSI6MTIwMDAwMDAwMDAwMCwicmVhZCI6OTAwMDAwMDAwMDAwLCJ1cGRhdGUiOjYwMDAwMDAwMDAwMH0sInNjaGVtYV92ZXJzaW9uIjoiMSJ9",
          "dependencies": [
            "aws_key_pair.ec2_key",
            "aws_security_group.default_sg",
            "data.aws_subnets.default",
            "data.aws_vpc.default",
            "tls_private_key.ec2_key"
          ]
        }
      ]
    },
    {
      "mode": "managed",
      "type": "aws_instance",
      "name": "jenkins_master",
      "provider": "provider[\"registry.terraform.io/hashicorp/aws\"]",
      "instances": [
        {
          "schema_version": 1,
          "attributes": {
            "ami": "ami-0a116fa7c861dd5f9",
            "arn": "arn:aws:ec2:eu-central-1:381492070404:instance/i-0556a63258c1561ce",
            "associate_public_ip_address": true,
            "availability_zone": "eu-central-1b",
            "capacity_reservation_specification": [
              {
                "capacity_reservation_preference": "open",
                "capacity_reservation_target": []
              }
            ],
            "cpu_core_count": 1,
            "cpu_options": [
              {
                "amd_sev_snp": "",
                "core_count": 1,
                "threads_per_core": 2
              }
            ],
            "cpu_threads_per_core": 2,
            "credit_specification": [
              {
                "cpu_credits": "unlimited"
              }
            ],
            "disable_api_stop": false,
            "disable_api_termination": false,
            "ebs_block_device": [],
            "ebs_optimized": false,
            "enable_primary_ipv6": null,
            "enclave_options": [
              {
                "enabled": false
              }
            ],
            "ephemeral_block_device": [],
            "get_password_data": false,
            "hibernation": false,
            "host_id": "",
            "host_resource_group_arn": null,
            "iam_instance_profile": "",
            "id": "i-0556a63258c1561ce",
            "instance_initiated_shutdown_behavior": "stop",
            "instance_lifecycle": "",
            "instance_market_options": [],
            "instance_state": "running",
            "instance_type": "t3.micro",
            "ipv6_address_count": 0,
            "ipv6_addresses": [],
            "key_name": "terraform-ec2-key",
            "launch_template": [],
            "maintenance_options": [
              {
                "auto_recovery": "default"
              }
            ],
            "metadata_options": [
              {
                "http_endpoint": "enabled",
                "http_protocol_ipv6": "disabled",
                "http_put_response_hop_limit": 2,
                "http_tokens": "required",
                "instance_metadata_tags": "disabled"
              }
            ],
            "monitoring": false,
            "network_interface": [],
            "outpost_arn": "",
            "password_data": "",
            "placement_group": "",
            "placement_partition_number": 0,
            "primary_network_interface_id": "eni-0692d0a4ffbe43b30",
            "private_dns": "ip-172-31-34-203.eu-central-1.compute.internal",
            "private_dns_name_options": [
              {
                "enable_resource_name_dns_a_record": false,
                "enable_resource_name_dns_aaaa_record": false,
                "hostname_type": "ip-name"
              }
            ],
            "private_ip": "172.31.34.203",
            "public_dns": "ec2-63-178-62-9.eu-central-1.compute.amazonaws.com",
            "public_ip": "63.178.62.9",
            "root_block_device": [
              {
                "delete_on_termination": true,
                "device_name": "/dev/sda1",
                "encrypted": false,
                "iops": 3000,
                "kms_key_id": "",
                "tags": {},
                "tags_all": {},
                "throughput": 125,
                "volume_id": "vol-094b67a6bc1288679",
                "volume_size": 8,
                "volume_type": "gp3"
              }
            ],
            "secondary_private_ips": [],
            "security_groups": [
              "devops_project_sg"
            ],
            "source_dest_check": true,
            "spot_instance_request_id": "",
            "subnet_id": "subnet-0487f6b19fd16cfa0",
            "tags": {
              "Environment": "Master",
              "Name": "Jenkins-Master"
            },
            "tags_all": {
              "Environment": "Master",
              "Name": "Jenkins-Master"
            },
            "tenancy": "default",
            "timeouts": null,
            "user_data": null,
            "user_data_base64": null,
            "user_data_replace_on_change": false,
            "volume_tags": null,
            "vpc_security_group_ids": [
              "sg-01f1767441b2fd335"
            ]
          },
          "sensitive_attributes": [],
          "identity_schema_version": 0,
          "private": "eyJlMmJmYjczMC1lY2FhLTExZTYtOGY4OC0zNDM2M2JjN2M0YzAiOnsiY3JlYXRlIjo2MDAwMDAwMDAwMDAsImRlbGV0ZSI6MTIwMDAwMDAwMDAwMCwicmVhZCI6OTAwMDAwMDAwMDAwLCJ1cGRhdGUiOjYwMDAwMDAwMDAwMH0sInNjaGVtYV92ZXJzaW9uIjoiMSJ9",
          "dependencies": [
            "aws_key_pair.ec2_key",
            "aws_security_group.default_sg",
            "data.aws_subnets.default",
            "data.aws_vpc.default",
            "tls_private_key.ec2_key"
          ]
        }
      ]
    },
    {
      "mode": "managed",
      "type": "aws_instance",
      "name": "jenkins_slave",
      "provider": "provider[\"registry.terraform.io/hashicorp/aws\"]",
      "instances": [
        {
          "schema_version": 1,
          "attributes": {
            "ami": "ami-0a116fa7c861dd5f9",
            "arn": "arn:aws:ec2:eu-central-1:381492070404:instance/i-04fa1b16c01998a7a",
            "associate_public_ip_address": true,
            "availability_zone": "eu-central-1b",
            "capacity_reservation_specification": [
              {
                "capacity_reservation_preference": "open",
                "capacity_reservation_target": []
              }
            ],
            "cpu_core_count": 1,
            "cpu_options": [
              {
                "amd_sev_snp": "",
                "core_count": 1,
                "threads_per_core": 2
              }
            ],
            "cpu_threads_per_core": 2,
            "credit_specification": [
              {
                "cpu_credits": "unlimited"
              }
            ],
            "disable_api_stop": false,
            "disable_api_termination": false,
            "ebs_block_device": [],
            "ebs_optimized": false,
            "enable_primary_ipv6": null,
            "enclave_options": [
              {
                "enabled": false
              }
            ],
            "ephemeral_block_device": [],
            "get_password_data": false,
            "hibernation": false,
            "host_id": "",
            "host_resource_group_arn": null,
            "iam_instance_profile": "",
            "id": "i-04fa1b16c01998a7a",
            "instance_initiated_shutdown_behavior": "stop",
            "instance_lifecycle": "",
            "instance_market_options": [],
            "instance_state": "running",
            "instance_type": "t3.micro",
            "ipv6_address_count": 0,
            "ipv6_addresses": [],
            "key_name": "terraform-ec2-key",
            "launch_template": [],
            "maintenance_options": [
              {
                "auto_recovery": "default"
              }
            ],
            "metadata_options": [
              {
                "http_endpoint": "enabled",
                "http_protocol_ipv6": "disabled",
                "http_put_response_hop_limit": 2,
                "http_tokens": "required",
                "instance_metadata_tags": "disabled"
              }
            ],
            "monitoring": false,
            "network_interface": [],
            "outpost_arn": "",
            "password_data": "",
            "placement_group": "",
            "placement_partition_number": 0,
            "primary_network_interface_id": "eni-04988cf5b3622e7c3",
            "private_dns": "ip-172-31-41-16.eu-central-1.compute.internal",
            "private_dns_name_options": [
              {
                "enable_resource_name_dns_a_record": false,
                "enable_resource_name_dns_aaaa_record": false,
                "hostname_type": "ip-name"
              }
            ],
            "private_ip": "172.31.41.16",
            "public_dns": "ec2-63-177-108-241.eu-central-1.compute.amazonaws.com",
            "public_ip": "63.177.108.241",
            "root_block_device": [
              {
                "delete_on_termination": true,
                "device_name": "/dev/sda1",
                "encrypted": false,
                "iops": 3000,
                "kms_key_id": "",
                "tags": {},
                "tags_all": {},
                "throughput": 125,
                "volume_id": "vol-038b78a184b1d8b69",
                "volume_size": 8,
                "volume_type": "gp3"
              }
            ],
            "secondary_private_ips": [],
            "security_groups": [
              "devops_project_sg"
            ],
            "source_dest_check": true,
            "spot_instance_request_id": "",
            "subnet_id": "subnet-0487f6b19fd16cfa0",
            "tags": {
              "Environment": "Slave",
              "Name": "Jenkins-Slave"
            },
            "tags_all": {
              "Environment": "Slave",
              "Name": "Jenkins-Slave"
            },
            "tenancy": "default",
            "timeouts": null,
            "user_data": null,
            "user_data_base64": null,
            "user_data_replace_on_change": false,
            "volume_tags": null,
            "vpc_security_group_ids": [
              "sg-01f1767441b2fd335"
            ]
          },
          "sensitive_attributes": [],
          "identity_schema_version": 0,
          "private": "eyJlMmJmYjczMC1lY2FhLTExZTYtOGY4OC0zNDM2M2JjN2M0YzAiOnsiY3JlYXRlIjo2MDAwMDAwMDAwMDAsImRlbGV0ZSI6MTIwMDAwMDAwMDAwMCwicmVhZCI6OTAwMDAwMDAwMDAwLCJ1cGRhdGUiOjYwMDAwMDAwMDAwMH0sInNjaGVtYV92ZXJzaW9uIjoiMSJ9",
          "dependencies": [
            "aws_key_pair.ec2_key",
            "aws_security_group.default_sg",
            "data.aws_subnets.default",
            "data.aws_vpc.default",
            "tls_private_key.ec2_key"
          ]
        }
      ]
    },
    {
      "mode": "managed",
      "type": "aws_instance",
      "name": "prod_server",
      "provider": "provider[\"registry.terraform.io/hashicorp/aws\"]",
      "instances": [
        {
          "schema_version": 1,
          "attributes": {
            "ami": "ami-0a116fa7c861dd5f9",
            "arn": "arn:aws:ec2:eu-central-1:381492070404:instance/i-069343d60dec4b10d",
            "associate_public_ip_address": true,
            "availability_zone": "eu-central-1b",
            "capacity_reservation_specification": [
              {
                "capacity_reservation_preference": "open",
                "capacity_reservation_target": []
              }
            ],
            "cpu_core_count": 1,
            "cpu_options": [
              {
                "amd_sev_snp": "",
                "core_count": 1,
                "threads_per_core": 2
              }
            ],
            "cpu_threads_per_core": 2,
            "credit_specification": [
              {
                "cpu_credits": "unlimited"
              }
            ],
            "disable_api_stop": false,
            "disable_api_termination": false,
            "ebs_block_device": [],
            "ebs_optimized": false,
            "enable_primary_ipv6": null,
            "enclave_options": [
              {
                "enabled": false
              }
            ],
            "ephemeral_block_device": [],
            "get_password_data": false,
            "hibernation": false,
            "host_id": "",
            "host_resource_group_arn": null,
            "iam_instance_profile": "",
            "id": "i-069343d60dec4b10d",
            "instance_initiated_shutdown_behavior": "stop",
            "instance_lifecycle": "",
            "instance_market_options": [],
            "instance_state": "running",
            "instance_type": "t3.micro",
            "ipv6_address_count": 0,
            "ipv6_addresses": [],
            "key_name": "terraform-ec2-key",
            "launch_template": [],
            "maintenance_options": [
              {
                "auto_recovery": "default"
              }
            ],
            "metadata_options": [
              {
                "http_endpoint": "enabled",
                "http_protocol_ipv6": "disabled",
                "http_put_response_hop_limit": 2,
                "http_tokens": "required",
                "instance_metadata_tags": "disabled"
              }
            ],
            "monitoring": false,
            "network_interface": [],
            "outpost_arn": "",
            "password_data": "",
            "placement_group": "",
            "placement_partition_number": 0,
            "primary_network_interface_id": "eni-08671fe8c8f38ed4a",
            "private_dns": "ip-172-31-38-139.eu-central-1.compute.internal",
            "private_dns_name_options": [
              {
                "enable_resource_name_dns_a_record": false,
                "enable_resource_name_dns_aaaa_record": false,
                "hostname_type": "ip-name"
              }
            ],
            "private_ip": "172.31.38.139",
            "public_dns": "ec2-54-93-248-165.eu-central-1.compute.amazonaws.com",
            "public_ip": "54.93.248.165",
            "root_block_device": [
              {
                "delete_on_termination": true,
                "device_name": "/dev/sda1",
                "encrypted": false,
                "iops": 3000,
                "kms_key_id": "",
                "tags": {},
                "tags_all": {},
                "throughput": 125,
                "volume_id": "vol-042efce37ffeb9c46",
                "volume_size": 8,
                "volume_type": "gp3"
              }
            ],
            "secondary_private_ips": [],
            "security_groups": [
              "devops_project_sg"
            ],
            "source_dest_check": true,
            "spot_instance_request_id": "",
            "subnet_id": "subnet-0487f6b19fd16cfa0",
            "tags": {
              "Environment": "Prod",
              "Name": "Prod-Server"
            },
            "tags_all": {
              "Environment": "Prod",
              "Name": "Prod-Server"
            },
            "tenancy": "default",
            "timeouts": null,
            "user_data": null,
            "user_data_base64": null,
            "user_data_replace_on_change": false,
            "volume_tags": null,
            "vpc_security_group_ids": [
              "sg-01f1767441b2fd335"
            ]
          },
          "sensitive_attributes": [],
          "identity_schema_version": 0,
          "private": "eyJlMmJmYjczMC1lY2FhLTExZTYtOGY4OC0zNDM2M2JjN2M0YzAiOnsiY3JlYXRlIjo2MDAwMDAwMDAwMDAsImRlbGV0ZSI6MTIwMDAwMDAwMDAwMCwicmVhZCI6OTAwMDAwMDAwMDAwLCJ1cGRhdGUiOjYwMDAwMDAwMDAwMH0sInNjaGVtYV92ZXJzaW9uIjoiMSJ9",
          "dependencies": [
            "aws_key_pair.ec2_key",
            "aws_security_group.default_sg",
            "data.aws_subnets.default",
            "data.aws_vpc.default",
            "tls_private_key.ec2_key"
          ]
        }
      ]
    },
    {
      "mode": "managed",
      "type": "aws_instance",
      "name": "stage_server",
      "provider": "provider[\"registry.terraform.io/hashicorp/aws\"]",
      "instances": [
        {
          "schema_version": 1,
          "attributes": {
            "ami": "ami-0a116fa7c861dd5f9",
            "arn": "arn:aws:ec2:eu-central-1:381492070404:instance/i-0612ba55501722c69",
            "associate_public_ip_address": true,
            "availability_zone": "eu-central-1b",
            "capacity_reservation_specification": [
              {
                "capacity_reservation_preference": "open",
                "capacity_reservation_target": []
              }
            ],
            "cpu_core_count": 1,
            "cpu_options": [
              {
                "amd_sev_snp": "",
                "core_count": 1,
                "threads_per_core": 2
              }
            ],
            "cpu_threads_per_core": 2,
            "credit_specification": [
              {
                "cpu_credits": "unlimited"
              }
            ],
            "disable_api_stop": false,
            "disable_api_termination": false,
            "ebs_block_device": [],
            "ebs_optimized": false,
            "enable_primary_ipv6": null,
            "enclave_options": [
              {
                "enabled": false
              }
            ],
            "ephemeral_block_device": [],
            "get_password_data": false,
            "hibernation": false,
            "host_id": "",
            "host_resource_group_arn": null,
            "iam_instance_profile": "",
            "id": "i-0612ba55501722c69",
            "instance_initiated_shutdown_behavior": "stop",
            "instance_lifecycle": "",
            "instance_market_options": [],
            "instance_state": "running",
            "instance_type": "t3.micro",
            "ipv6_address_count": 0,
            "ipv6_addresses": [],
            "key_name": "terraform-ec2-key",
            "launch_template": [],
            "maintenance_options": [
              {
                "auto_recovery": "default"
              }
            ],
            "metadata_options": [
              {
                "http_endpoint": "enabled",
                "http_protocol_ipv6": "disabled",
                "http_put_response_hop_limit": 2,
                "http_tokens": "required",
                "instance_metadata_tags": "disabled"
              }
            ],
            "monitoring": false,
            "network_interface": [],
            "outpost_arn": "",
            "password_data": "",
            "placement_group": "",
            "placement_partition_number": 0,
            "primary_network_interface_id": "eni-03905f46c4ba08693",
            "private_dns": "ip-172-31-39-64.eu-central-1.compute.internal",
            "private_dns_name_options": [
              {
                "enable_resource_name_dns_a_record": false,
                "enable_resource_name_dns_aaaa_record": false,
                "hostname_type": "ip-name"
              }
            ],
            "private_ip": "172.31.39.64",
            "public_dns": "ec2-18-194-32-176.eu-central-1.compute.amazonaws.com",
            "public_ip": "18.194.32.176",
            "root_block_device": [
              {
                "delete_on_termination": true,
                "device_name": "/dev/sda1",
                "encrypted": false,
                "iops": 3000,
                "kms_key_id": "",
                "tags": {},
                "tags_all": {},
                "throughput": 125,
                "volume_id": "vol-046fd96c11fd0ac70",
                "volume_size": 8,
                "volume_type": "gp3"
              }
            ],
            "secondary_private_ips": [],
            "security_groups": [
              "devops_project_sg"
            ],
            "source_dest_check": true,
            "spot_instance_request_id": "",
            "subnet_id": "subnet-0487f6b19fd16cfa0",
            "tags": {
              "Environment": "Stage",
              "Name": "Stage-Server"
            },
            "tags_all": {
              "Environment": "Stage",
              "Name": "Stage-Server"
            },
            "tenancy": "default",
            "timeouts": null,
            "user_data": null,
            "user_data_base64": null,
            "user_data_replace_on_change": false,
            "volume_tags": null,
            "vpc_security_group_ids": [
              "sg-01f1767441b2fd335"
            ]
          },
          "sensitive_attributes": [],
          "identity_schema_version": 0,
          "private": "eyJlMmJmYjczMC1lY2FhLTExZTYtOGY4OC0zNDM2M2JjN2M0YzAiOnsiY3JlYXRlIjo2MDAwMDAwMDAwMDAsImRlbGV0ZSI6MTIwMDAwMDAwMDAwMCwicmVhZCI6OTAwMDAwMDAwMDAwLCJ1cGRhdGUiOjYwMDAwMDAwMDAwMH0sInNjaGVtYV92ZXJzaW9uIjoiMSJ9",
          "dependencies": [
            "aws_key_pair.ec2_key",
            "aws_security_group.default_sg",
            "data.aws_subnets.default",
            "data.aws_vpc.default",
            "tls_private_key.ec2_key"
          ]
        }
      ]
    },
    {
      "mode": "managed",
      "type": "aws_key_pair",
      "name": "ec2_key",
      "provider": "provider[\"registry.terraform.io/hashicorp/aws\"]",
      "instances": [
        {
          "schema_version": 1,
          "attributes": {
            "arn": "arn:aws:ec2:eu-central-1:381492070404:key-pair/terraform-ec2-key",
            "fingerprint": "c2:b4:d3:61:35:eb:20:ee:01:e5:25:9c:4a:1e:d8:e1",
            "id": "terraform-ec2-key",
            "key_name": "terraform-ec2-key",
            "key_name_prefix": "",
            "key_pair_id": "key-0d5397e2adaacedc9",
            "key_type": "rsa",
            "public_key": "ssh-rsa AAAAB3NzaC1yc2EAAAADAQABAAACAQDllxOjfNqCyvZJ0o2fgu8bJGBIOEv0I4BeoU4xiPggN14NcTrZ21TrJWWN22RzoitnBjHUBDxPStuTlWWU8twXi2ivlDJfvA8cpMYSAtjzcfldKoSACbQF1mWOlaE4kp8SHjt/NPZ9DWBKvu07qyNZYBq46QG2i1ewddYiY6Rin/CGHu6LTmss27B6kdZhg+QYNP7pttDXoRkbrrGowynq/7sJHKp4bxcmBVqhyrR2VOmOndXA5a+X0ljArNuqeft3ODgy0Daipw/vXy3Y0AW5JcRuBOmBDgRAbGKkpwuXEbbtES8HkpCJ57cMRbVEN0QFW3Ee2TVGMsJeGbFUn87Nr33+7AJ/O2RoN2osivaZnryRHWWsWYnXHYrhw1rS4PABXBF/1ArJuTltP5JV8lFaT0YIjQMdxurv86l5f7/B1IhdRlDU9Bg3YjGn3o+3PNZEcfUjWqnRHI5fOg0yDNYCKR0oFaFVOLZkiZSO9L8nVJ8/lhkWibXwhftUTVfaMG6vWqYWBkSn0wOt0wka4WUP78qo89KTLs97INAVgiCSSGRyUIVlGIAbG3XJoV/kbUItqeUemLd232z8djA0tw+B5E5VNbjvjJkBnzlGRJ+Hp5dilsPB5MpaOYFsGOHBgIHt3OAMszLPm8nUlPJdd92NouNsVQ2Y897QDuXxvuKkJw==",
            "tags": null,
            "tags_all": {}
          },
          "sensitive_attributes": [],
          "identity_schema_version": 0,
          "private": "eyJzY2hlbWFfdmVyc2lvbiI6IjEifQ==",
          "dependencies": [
            "tls_private_key.ec2_key"
          ]
        }
      ]
    },
    {
      "mode": "managed",
      "type": "aws_security_group",
      "name": "default_sg",
      "provider": "provider[\"registry.terraform.io/hashicorp/aws\"]",
      "instances": [
        {
          "schema_version": 1,
          "attributes": {
            "arn": "arn:aws:ec2:eu-central-1:381492070404:security-group/sg-01f1767441b2fd335",
            "description": "Allow SSH and HTTP",
            "egress": [
              {
                "cidr_blocks": [
                  "0.0.0.0/0"
                ],
                "description": "",
                "from_port": 0,
                "ipv6_cidr_blocks": [],
                "prefix_list_ids": [],
                "protocol": "-1",
                "security_groups": [],
                "self": false,
                "to_port": 0
              }
            ],
            "id": "sg-01f1767441b2fd335",
            "ingress": [
              {
                "cidr_blocks": [
                  "0.0.0.0/0"
                ],
                "description": "",
                "from_port": 22,
                "ipv6_cidr_blocks": [],
                "prefix_list_ids": [],
                "protocol": "tcp",
                "security_groups": [],
                "self": false,
                "to_port": 22
              },
              {
                "cidr_blocks": [
                  "0.0.0.0/0"
                ],
                "description": "",
                "from_port": 80,
                "ipv6_cidr_blocks": [],
                "prefix_list_ids": [],
                "protocol": "tcp",
                "security_groups": [],
                "self": false,
                "to_port": 80
              }
            ],
            "name": "devops_project_sg",
            "name_prefix": "",
            "owner_id": "381492070404",
            "revoke_rules_on_delete": false,
            "tags": null,
            "tags_all": {},
            "timeouts": null,
            "vpc_id": "vpc-0aa8805bce7f7c908"
          },
          "sensitive_attributes": [],
          "identity_schema_version": 0,
          "private": "eyJlMmJmYjczMC1lY2FhLTExZTYtOGY4OC0zNDM2M2JjN2M0YzAiOnsiY3JlYXRlIjo2MDAwMDAwMDAwMDAsImRlbGV0ZSI6OTAwMDAwMDAwMDAwfSwic2NoZW1hX3ZlcnNpb24iOiIxIn0=",
          "dependencies": [
            "data.aws_vpc.default"
          ]
        }
      ]
    },
    {
      "mode": "managed",
      "type": "local_file",
      "name": "private_key_pem",
      "provider": "provider[\"registry.terraform.io/hashicorp/local\"]",
      "instances": [
        {
          "schema_version": 0,
          "attributes": {
            "content": "-----BEGIN RSA PRIVATE KEY-----\nMIIJKgIBAAKCAgEA5ZcTo3zagsr2SdKNn4LvGyRgSDhL9COAXqFOMYj4IDdeDXE6\n2dtU6yVljdtkc6IrZwYx1AQ8T0rbk5VllPLcF4tor5QyX7wPHKTGEgLY83H5XSqE\ngAm0BdZljpWhOJKfEh47fzT2fQ1gSr7tO6sjWWAauOkBtotXsHXWImOkYp/whh7u\ni05rLNuwepHWYYPkGDT+6bbQ16EZG66xqMMp6v+7CRyqeG8XJgVaocq0dlTpjp3V\nwOWvl9JYwKzbqnn7dzg4MtA2oqcP718t2NAFuSXEbgTpgQ4EQGxipKcLlxG27REv\nB5KQiee3DEW1RDdEBVtxHtk1RjLCXhmxVJ/Oza99/uwCfztkaDdqLIr2mZ68kR1l\nrFmJ1x2K4cNa0uDwAVwRf9QKybk5bT+SVfJRWk9GCI0DHcbq7/OpeX+/wdSIXUZQ\n1PQYN2Ixp96PtzzWRHH1I1qp0RyOXzoNMgzWAikdKBWhVTi2ZImUjvS/J1SfP5YZ\nFom18IX7VE1X2jBur1qmFgZEp9MDrdMJGuFlD+/KqPPSky7PeyDQFYIgkkhkclCF\nZRiAGxt1yaFf5G1CLanlHpi3dt9s/HYwNLcPgeROVTW474yZAZ85RkSfh6eXYpbD\nweTKWjmBbBjhwYCB7dzgDLMyz5vJ1JTyXXfdjaLjbFUNmPPe0A7l8b7ipCcCAwEA\nAQKCAgAfsRuKYUUuccLOjOx0vNexqPNLdM3zPOVO6rhG+S+7DrmCZINpqC+QKADd\nNJAosBWKqp29NPp4PY6S0DgN9/oum9VPC0dq1KRHYW1f9hmpfS2dUS2qGOzLM32g\nUYJIM2EW2KqA1DhEKdEFcFaB+o0uHKiDptJQNurbVmDBLXz3Cjni4aku/JupvQee\n27u6iUC2oLYhX9VzNm8nVZV7hLkoEbXpO5ZCep845dtNYxRHE1CMGbh0YKA89lG/\nAv1tiloOamnDhd9M03/NHJfRCmIH3TFAuJfc8yjeFbgGH3Lnnw/fqJQT2QTvrFcl\nsAemC3TtwmIajoQelQokgCps0oRyuAnEZ8FVVIPdWaVKrMV2v/oYecssZuyG+iVu\nU3uJn7GDA+E/d4pAnU001Gkj8HWID4CPnMjRTcBiuCfESYDnU+1anDfqC/HwunU6\n+iokNjYaC57N1/ys5QlIWCt6MRiGzP7uesLFmJ64pdPTqouQXuJMD8XADyI2Ccx5\ntwEZhCnB4sRGZuUca38D9HPNrSerNumyqO8zUzMJoUXMO6AjQrasW3BXpU30l8Dq\nthyASVTWx+ZT4bJUbMj7clafXe5z2bfRaQ38AQIXirIUyiAUx11s8YmEjVxlYHsK\nJjBLHhJBmXFL6DpgSFpWBx/8jLNowRUSTtfT4wMx6jp0dKV8dQKCAQEA/jBLk2DC\nvzzkae/Nitu6xa8EC1e0jkmRECeeNFmRS2+HENTTzkKjk79bFiXSX/CDzSLYHFer\nswlpL+iqMtBdtDWNb/yfrI8k0CnYAPrYU0w9LpNA2mCLqjhaqf9mPD+Gnpvt0s8x\nLKImo2gbySmump4CV1nt03w+6oU2yv0VyRZXvsx/MBzP6ePBGZalPyPqHCcr8dtX\nDJLxU0QtHyZV8OR6sQHugqgO5ZbMl0Zzw1zYjwfudjKr29yDJVOEMPvOCspp9v2k\nljKvjwpKwoPcUsHSns5ool2qkwkjGWPFkcxHwsKMvYQm32QGUyh3Q2LBjru61Q92\nugMXYSbowuLGNQKCAQEA5znoVYMhGoi5HcGPdZhmn93XcQFMh79kYhKknB//zFcL\nDnzFlPb2zUpbPRssxz1+LKjA728DIelaCcNt0dF4cv3cCB52V0/kG4wF7quZBRCC\nK5oZqQj+xArKU4dtBxzCuYBoWniYV4NgI3uD7SpkuKCsTLBdIzj3oYftumsqWtRb\nnMA+TPrFAR+ZxN9OFpQqEbL6wuSX2eVbM3qTLsyYCERFKDd3RkQ02t0X7AbHwZeQ\n0lUi4/zfhuKL3tUV7c8rnfw2Cne+RyyeeXawy4gRgPIFjH83FCFOmt60+kXRThQE\nxKSy7JOMkpyqSoEN/K09dLMNFvIg9QVASTht6DwcawKCAQEAh9ugSUEqVbRiEQ0O\nuuz+QrJsYvOZmYNQeWXzdN96fOs7MY/PNSsA6vMX6BqG+qg+ieHZyCxDpQmeovCk\nJ0yfCLamxfgsD7riXjA/NybbgIn7GW2y+AUqIOzF6J6NMh5yAUwuLMJ48fYo2KXI\nVBhnLlTNw4pZRvPdXNOemZfzkOrUMzJxuHFt3wDQMLEH2VuEwU9eeYJWYG4Zdfu2\ncjO3M22q9fimVkckzyluaFxLe1ugk7IVji8/E+AkaErfGJ89XR8ay9x9n5mvo7BI\njPaVR9Y4kJCZ9E5D4Rq9G9DrxCV/JWV+e7yqWjPH/aJfPDEIaxWDomUFfB4y3MZD\nGgbDEQKCAQEA3TwBuTfCx7GDdR4K1hggMNvAU8ZLZCLSuCdgSmUviWLLGGx3W4VE\nNL3tODU1DdkfTTmViEGuPJcZ5/eNrtB+L4AHM9l5nya4eUbrMiYLPdZCxdcmsB4E\nLKyqU2ti/QgepABhWBbEpA72QFzgqF4EisZotOOV6aqK/ImjAtegadF/aiZiNaNG\nNUH4DW8fNulCqzaVST4QsJILReEEzCVDXb18cfNH8vo1nCcoyVLfc7JCBY0h2gPM\nFzHRZD57QdMTx5BWYIObklv1sP/IPqUNIlPuzTO3DlKj8/gcLs34an0q5r8y1rqC\nKJEvOiPqrxVOlMbwQkEfGXCRxrzwI+DHywKCAQEAhB8I8hsKDfL2QXYI6j/TRi0z\nMB3YSk+WiZD/j3tl2bymtDu1j7RBzgzGCBacJj7tpk2PIqSsgmdNwoYipAMMSLXZ\n7U4q921Bf5zVmVWMbZUdF/9Mh48NYRqDxpUYNpbFwihIxLcoXaly7BZHviJif88j\nb/UF1rACbHsaQejkjigl4Rf74K88kczNPYtcreJ1bST2b9Nip4lrvPFkZVx6O5GN\n7Qu2+KlhPNwqpxcgAM0c18qMvjiN4XTdtgfDmLgth9oLFCNipH9XzdlRaH4cm79o\nJtvHOGY+UKXiWfzdH4RgyTrTcONBkeew3YnPOE7g0AleYfkIpZ4UOMfmvcsabQ==\n-----END RSA PRIVATE KEY-----\n",
            "content_base64": null,
            "content_base64sha256": "j3N/TPKT7qM43ZihAGB0aTCE6LSpNgtt2478axAHPN8=",
            "content_base64sha512": "eGYA+uy7jmWNwEmEXWAijamzsCWOhkTayyVhx6ypSo9i9S5aQgQL9Ce2vrdYP2uUpCS8OIm9NS40vIeOmH+mcQ==",
            "content_md5": "d2e0a10b56bef58fd9c63dbc8a3c316d",
            "content_sha1": "239e9a40f01c480becc0dc546973b81ae3e15a1e",
            "content_sha256": "8f737f4cf293eea338dd98a1006074693084e8b4a9360b6ddb8efc6b10073cdf",
            "content_sha512": "786600faecbb8e658dc049845d60228da9b3b0258e8644dacb2561c7aca94a8f62f52e5a42040bf427b6beb7583f6b94a424bc3889bd352e34bc878e987fa671",
            "directory_permission": "0777",
            "file_permission": "0600",
            "filename": "./terraform-ec2-key.pem",
            "id": "239e9a40f01c480becc0dc546973b81ae3e15a1e",
            "sensitive_content": null,
            "source": null
          },
          "sensitive_attributes": [
            [
              {
                "type": "get_attr",
                "value": "content"
              }
            ],
            [
              {
                "type": "get_attr",
                "value": "sensitive_content"
              }
            ]
          ],
          "identity_schema_version": 0,
          "dependencies": [
            "tls_private_key.ec2_key"
          ]
        }
      ]
    },
    {
      "mode": "managed",
      "type": "local_file",
      "name": "public_key_pub",
      "provider": "provider[\"registry.terraform.io/hashicorp/local\"]",
      "instances": [
        {
          "schema_version": 0,
          "attributes": {
            "content": "ssh-rsa AAAAB3NzaC1yc2EAAAADAQABAAACAQDllxOjfNqCyvZJ0o2fgu8bJGBIOEv0I4BeoU4xiPggN14NcTrZ21TrJWWN22RzoitnBjHUBDxPStuTlWWU8twXi2ivlDJfvA8cpMYSAtjzcfldKoSACbQF1mWOlaE4kp8SHjt/NPZ9DWBKvu07qyNZYBq46QG2i1ewddYiY6Rin/CGHu6LTmss27B6kdZhg+QYNP7pttDXoRkbrrGowynq/7sJHKp4bxcmBVqhyrR2VOmOndXA5a+X0ljArNuqeft3ODgy0Daipw/vXy3Y0AW5JcRuBOmBDgRAbGKkpwuXEbbtES8HkpCJ57cMRbVEN0QFW3Ee2TVGMsJeGbFUn87Nr33+7AJ/O2RoN2osivaZnryRHWWsWYnXHYrhw1rS4PABXBF/1ArJuTltP5JV8lFaT0YIjQMdxurv86l5f7/B1IhdRlDU9Bg3YjGn3o+3PNZEcfUjWqnRHI5fOg0yDNYCKR0oFaFVOLZkiZSO9L8nVJ8/lhkWibXwhftUTVfaMG6vWqYWBkSn0wOt0wka4WUP78qo89KTLs97INAVgiCSSGRyUIVlGIAbG3XJoV/kbUItqeUemLd232z8djA0tw+B5E5VNbjvjJkBnzlGRJ+Hp5dilsPB5MpaOYFsGOHBgIHt3OAMszLPm8nUlPJdd92NouNsVQ2Y897QDuXxvuKkJw==\n",
            "content_base64": null,
            "content_base64sha256": "ytx6zFF6qWbwAWtqfWtfNkPk2WDrLyaGIumiIBy7MPc=",
            "content_base64sha512": "izj7oKb4phYZbYBjR8sE5/YAgyf5lmYLM2tPK4LFIQnqzVDcGDR4zmK+AUPTKnGWfGgky89yuKWJEMaaKXlo+Q==",
            "content_md5": "1ff18027019ba95d825d1afa05fb1b8c",
            "content_sha1": "65bed98980b8dd395f5722200048fdd31cff514a",
            "content_sha256": "cadc7acc517aa966f0016b6a7d6b5f3643e4d960eb2f268622e9a2201cbb30f7",
            "content_sha512": "8b38fba0a6f8a616196d806347cb04e7f6008327f996660b336b4f2b82c52109eacd50dc183478ce62be0143d32a71967c6824cbcf72b8a58910c69a297968f9",
            "directory_permission": "0777",
            "file_permission": "0644",
            "filename": "./terraform-ec2-key.pub",
            "id": "65bed98980b8dd395f5722200048fdd31cff514a",
            "sensitive_content": null,
            "source": null
          },
          "sensitive_attributes": [
            [
              {
                "type": "get_attr",
                "value": "sensitive_content"
              }
            ]
          ],
          "identity_schema_version": 0,
          "dependencies": [
            "tls_private_key.ec2_key"
          ]
        }
      ]
    },
    {
      "mode": "managed",
      "type": "tls_private_key",
      "name": "ec2_key",
      "provider": "provider[\"registry.terraform.io/hashicorp/tls\"]",
      "instances": [
        {
          "schema_version": 1,
          "attributes": {
            "algorithm": "RSA",
            "ecdsa_curve": "P224",
            "id": "3d771eae3c150b4bf663655c42e63071cd0dab83",
            "private_key_openssh": "-----BEGIN OPENSSH PRIVATE KEY-----\nb3BlbnNzaC1rZXktdjEAAAAABG5vbmUAAAAEbm9uZQAAAAAAAAABAAACFwAAAAdz\nc2gtcnNhAAAAAwEAAQAAAgEA5ZcTo3zagsr2SdKNn4LvGyRgSDhL9COAXqFOMYj4\nIDdeDXE62dtU6yVljdtkc6IrZwYx1AQ8T0rbk5VllPLcF4tor5QyX7wPHKTGEgLY\n83H5XSqEgAm0BdZljpWhOJKfEh47fzT2fQ1gSr7tO6sjWWAauOkBtotXsHXWImOk\nYp/whh7ui05rLNuwepHWYYPkGDT+6bbQ16EZG66xqMMp6v+7CRyqeG8XJgVaocq0\ndlTpjp3VwOWvl9JYwKzbqnn7dzg4MtA2oqcP718t2NAFuSXEbgTpgQ4EQGxipKcL\nlxG27REvB5KQiee3DEW1RDdEBVtxHtk1RjLCXhmxVJ/Oza99/uwCfztkaDdqLIr2\nmZ68kR1lrFmJ1x2K4cNa0uDwAVwRf9QKybk5bT+SVfJRWk9GCI0DHcbq7/OpeX+/\nwdSIXUZQ1PQYN2Ixp96PtzzWRHH1I1qp0RyOXzoNMgzWAikdKBWhVTi2ZImUjvS/\nJ1SfP5YZFom18IX7VE1X2jBur1qmFgZEp9MDrdMJGuFlD+/KqPPSky7PeyDQFYIg\nkkhkclCFZRiAGxt1yaFf5G1CLanlHpi3dt9s/HYwNLcPgeROVTW474yZAZ85RkSf\nh6eXYpbDweTKWjmBbBjhwYCB7dzgDLMyz5vJ1JTyXXfdjaLjbFUNmPPe0A7l8b7i\npCcAAAc4u7XWJLu11iQAAAAHc3NoLXJzYQAAAgEA5ZcTo3zagsr2SdKNn4LvGyRg\nSDhL9COAXqFOMYj4IDdeDXE62dtU6yVljdtkc6IrZwYx1AQ8T0rbk5VllPLcF4to\nr5QyX7wPHKTGEgLY83H5XSqEgAm0BdZljpWhOJKfEh47fzT2fQ1gSr7tO6sjWWAa\nuOkBtotXsHXWImOkYp/whh7ui05rLNuwepHWYYPkGDT+6bbQ16EZG66xqMMp6v+7\nCRyqeG8XJgVaocq0dlTpjp3VwOWvl9JYwKzbqnn7dzg4MtA2oqcP718t2NAFuSXE\nbgTpgQ4EQGxipKcLlxG27REvB5KQiee3DEW1RDdEBVtxHtk1RjLCXhmxVJ/Oza99\n/uwCfztkaDdqLIr2mZ68kR1lrFmJ1x2K4cNa0uDwAVwRf9QKybk5bT+SVfJRWk9G\nCI0DHcbq7/OpeX+/wdSIXUZQ1PQYN2Ixp96PtzzWRHH1I1qp0RyOXzoNMgzWAikd\nKBWhVTi2ZImUjvS/J1SfP5YZFom18IX7VE1X2jBur1qmFgZEp9MDrdMJGuFlD+/K\nqPPSky7PeyDQFYIgkkhkclCFZRiAGxt1yaFf5G1CLanlHpi3dt9s/HYwNLcPgeRO\nVTW474yZAZ85RkSfh6eXYpbDweTKWjmBbBjhwYCB7dzgDLMyz5vJ1JTyXXfdjaLj\nbFUNmPPe0A7l8b7ipCcAAAADAQABAAACAB+xG4phRS5xws6M7HS817Go80t0zfM8\n5U7quEb5L7sOuYJkg2moL5AoAN00kCiwFYqqnb00+ng9jpLQOA33+i6b1U8LR2rU\npEdhbV/2Gal9LZ1RLaoY7MszfaBRgkgzYRbYqoDUOEQp0QVwVoH6jS4cqIOm0lA2\n6ttWYMEtfPcKOeLhqS78m6m9B57bu7qJQLagtiFf1XM2bydVlXuEuSgRtek7lkJ6\nnzjl201jFEcTUIwZuHRgoDz2Ub8C/W2KWg5qacOF30zTf80cl9EKYgfdMUC4l9zz\nKN4VuAYfcuefD9+olBPZBO+sVyWwB6YLdO3CYhqOhB6VCiSAKmzShHK4CcRnwVVU\ng91ZpUqsxXa/+hh5yyxm7Ib6JW5Te4mfsYMD4T93ikCdTTTUaSPwdYgPgI+cyNFN\nwGK4J8RJgOdT7VqcN+oL8fC6dTr6KiQ2NhoLns3X/KzlCUhYK3oxGIbM/u56wsWY\nnril09Oqi5Be4kwPxcAPIjYJzHm3ARmEKcHixEZm5RxrfwP0c82tJ6s26bKo7zNT\nMwmhRcw7oCNCtqxbcFelTfSXwOq2HIBJVNbH5lPhslRsyPtyVp9d7nPZt9FpDfwB\nAheKshTKIBTHXWzxiYSNXGVgewomMEseEkGZcUvoOmBIWlYHH/yMs2jBFRJO19Pj\nAzHqOnR0pXx1AAABAQCEHwjyGwoN8vZBdgjqP9NGLTMwHdhKT5aJkP+Pe2XZvKa0\nO7WPtEHODMYIFpwmPu2mTY8ipKyCZ03ChiKkAwxItdntTir3bUF/nNWZVYxtlR0X\n/0yHjw1hGoPGlRg2lsXCKEjEtyhdqXLsFke+ImJ/zyNv9QXWsAJsexpB6OSOKCXh\nF/vgrzyRzM09i1yt4nVtJPZv02KniWu88WRlXHo7kY3tC7b4qWE83CqnFyAAzRzX\nyoy+OI3hdN22B8OYuC2H2gsUI2Kkf1fN2VFofhybv2gm28c4Zj5QpeJZ/N0fhGDJ\nOtNw40GR57Ddic84TuDQCV5h+QilnhQ4x+a9yxptAAABAQD+MEuTYMK/PORp782K\n27rFrwQLV7SOSZEQJ540WZFLb4cQ1NPOQqOTv1sWJdJf8IPNItgcV6uzCWkv6Koy\n0F20NY1v/J+sjyTQKdgA+thTTD0uk0DaYIuqOFqp/2Y8P4aem+3SzzEsoiajaBvJ\nKa6angJXWe3TfD7qhTbK/RXJFle+zH8wHM/p48EZlqU/I+ocJyvx21cMkvFTRC0f\nJlXw5HqxAe6CqA7llsyXRnPDXNiPB+52Mqvb3IMlU4Qw+84Kymn2/aSWMq+PCkrC\ng9xSwdKezmiiXaqTCSMZY8WRzEfCwoy9hCbfZAZTKHdDYsGOu7rVD3a6AxdhJujC\n4sY1AAABAQDnOehVgyEaiLkdwY91mGaf3ddxAUyHv2RiEqScH//MVwsOfMWU9vbN\nSls9GyzHPX4sqMDvbwMh6VoJw23R0Xhy/dwIHnZXT+QbjAXuq5kFEIIrmhmpCP7E\nCspTh20HHMK5gGhaeJhXg2Aje4PtKmS4oKxMsF0jOPehh+26aypa1FucwD5M+sUB\nH5nE304WlCoRsvrC5JfZ5VszepMuzJgIREUoN3dGRDTa3RfsBsfBl5DSVSLj/N+G\n4ove1RXtzyud/DYKd75HLJ55drDLiBGA8gWMfzcUIU6a3rT6RdFOFATEpLLsk4yS\nnKpKgQ38rT10sw0W8iD1BUBJOG3oPBxrAAAAAAEC\n-----END OPENSSH PRIVATE KEY-----\n",
            "private_key_pem": "-----BEGIN RSA PRIVATE KEY-----\nMIIJKgIBAAKCAgEA5ZcTo3zagsr2SdKNn4LvGyRgSDhL9COAXqFOMYj4IDdeDXE6\n2dtU6yVljdtkc6IrZwYx1AQ8T0rbk5VllPLcF4tor5QyX7wPHKTGEgLY83H5XSqE\ngAm0BdZljpWhOJKfEh47fzT2fQ1gSr7tO6sjWWAauOkBtotXsHXWImOkYp/whh7u\ni05rLNuwepHWYYPkGDT+6bbQ16EZG66xqMMp6v+7CRyqeG8XJgVaocq0dlTpjp3V\nwOWvl9JYwKzbqnn7dzg4MtA2oqcP718t2NAFuSXEbgTpgQ4EQGxipKcLlxG27REv\nB5KQiee3DEW1RDdEBVtxHtk1RjLCXhmxVJ/Oza99/uwCfztkaDdqLIr2mZ68kR1l\nrFmJ1x2K4cNa0uDwAVwRf9QKybk5bT+SVfJRWk9GCI0DHcbq7/OpeX+/wdSIXUZQ\n1PQYN2Ixp96PtzzWRHH1I1qp0RyOXzoNMgzWAikdKBWhVTi2ZImUjvS/J1SfP5YZ\nFom18IX7VE1X2jBur1qmFgZEp9MDrdMJGuFlD+/KqPPSky7PeyDQFYIgkkhkclCF\nZRiAGxt1yaFf5G1CLanlHpi3dt9s/HYwNLcPgeROVTW474yZAZ85RkSfh6eXYpbD\nweTKWjmBbBjhwYCB7dzgDLMyz5vJ1JTyXXfdjaLjbFUNmPPe0A7l8b7ipCcCAwEA\nAQKCAgAfsRuKYUUuccLOjOx0vNexqPNLdM3zPOVO6rhG+S+7DrmCZINpqC+QKADd\nNJAosBWKqp29NPp4PY6S0DgN9/oum9VPC0dq1KRHYW1f9hmpfS2dUS2qGOzLM32g\nUYJIM2EW2KqA1DhEKdEFcFaB+o0uHKiDptJQNurbVmDBLXz3Cjni4aku/JupvQee\n27u6iUC2oLYhX9VzNm8nVZV7hLkoEbXpO5ZCep845dtNYxRHE1CMGbh0YKA89lG/\nAv1tiloOamnDhd9M03/NHJfRCmIH3TFAuJfc8yjeFbgGH3Lnnw/fqJQT2QTvrFcl\nsAemC3TtwmIajoQelQokgCps0oRyuAnEZ8FVVIPdWaVKrMV2v/oYecssZuyG+iVu\nU3uJn7GDA+E/d4pAnU001Gkj8HWID4CPnMjRTcBiuCfESYDnU+1anDfqC/HwunU6\n+iokNjYaC57N1/ys5QlIWCt6MRiGzP7uesLFmJ64pdPTqouQXuJMD8XADyI2Ccx5\ntwEZhCnB4sRGZuUca38D9HPNrSerNumyqO8zUzMJoUXMO6AjQrasW3BXpU30l8Dq\nthyASVTWx+ZT4bJUbMj7clafXe5z2bfRaQ38AQIXirIUyiAUx11s8YmEjVxlYHsK\nJjBLHhJBmXFL6DpgSFpWBx/8jLNowRUSTtfT4wMx6jp0dKV8dQKCAQEA/jBLk2DC\nvzzkae/Nitu6xa8EC1e0jkmRECeeNFmRS2+HENTTzkKjk79bFiXSX/CDzSLYHFer\nswlpL+iqMtBdtDWNb/yfrI8k0CnYAPrYU0w9LpNA2mCLqjhaqf9mPD+Gnpvt0s8x\nLKImo2gbySmump4CV1nt03w+6oU2yv0VyRZXvsx/MBzP6ePBGZalPyPqHCcr8dtX\nDJLxU0QtHyZV8OR6sQHugqgO5ZbMl0Zzw1zYjwfudjKr29yDJVOEMPvOCspp9v2k\nljKvjwpKwoPcUsHSns5ool2qkwkjGWPFkcxHwsKMvYQm32QGUyh3Q2LBjru61Q92\nugMXYSbowuLGNQKCAQEA5znoVYMhGoi5HcGPdZhmn93XcQFMh79kYhKknB//zFcL\nDnzFlPb2zUpbPRssxz1+LKjA728DIelaCcNt0dF4cv3cCB52V0/kG4wF7quZBRCC\nK5oZqQj+xArKU4dtBxzCuYBoWniYV4NgI3uD7SpkuKCsTLBdIzj3oYftumsqWtRb\nnMA+TPrFAR+ZxN9OFpQqEbL6wuSX2eVbM3qTLsyYCERFKDd3RkQ02t0X7AbHwZeQ\n0lUi4/zfhuKL3tUV7c8rnfw2Cne+RyyeeXawy4gRgPIFjH83FCFOmt60+kXRThQE\nxKSy7JOMkpyqSoEN/K09dLMNFvIg9QVASTht6DwcawKCAQEAh9ugSUEqVbRiEQ0O\nuuz+QrJsYvOZmYNQeWXzdN96fOs7MY/PNSsA6vMX6BqG+qg+ieHZyCxDpQmeovCk\nJ0yfCLamxfgsD7riXjA/NybbgIn7GW2y+AUqIOzF6J6NMh5yAUwuLMJ48fYo2KXI\nVBhnLlTNw4pZRvPdXNOemZfzkOrUMzJxuHFt3wDQMLEH2VuEwU9eeYJWYG4Zdfu2\ncjO3M22q9fimVkckzyluaFxLe1ugk7IVji8/E+AkaErfGJ89XR8ay9x9n5mvo7BI\njPaVR9Y4kJCZ9E5D4Rq9G9DrxCV/JWV+e7yqWjPH/aJfPDEIaxWDomUFfB4y3MZD\nGgbDEQKCAQEA3TwBuTfCx7GDdR4K1hggMNvAU8ZLZCLSuCdgSmUviWLLGGx3W4VE\nNL3tODU1DdkfTTmViEGuPJcZ5/eNrtB+L4AHM9l5nya4eUbrMiYLPdZCxdcmsB4E\nLKyqU2ti/QgepABhWBbEpA72QFzgqF4EisZotOOV6aqK/ImjAtegadF/aiZiNaNG\nNUH4DW8fNulCqzaVST4QsJILReEEzCVDXb18cfNH8vo1nCcoyVLfc7JCBY0h2gPM\nFzHRZD57QdMTx5BWYIObklv1sP/IPqUNIlPuzTO3DlKj8/gcLs34an0q5r8y1rqC\nKJEvOiPqrxVOlMbwQkEfGXCRxrzwI+DHywKCAQEAhB8I8hsKDfL2QXYI6j/TRi0z\nMB3YSk+WiZD/j3tl2bymtDu1j7RBzgzGCBacJj7tpk2PIqSsgmdNwoYipAMMSLXZ\n7U4q921Bf5zVmVWMbZUdF/9Mh48NYRqDxpUYNpbFwihIxLcoXaly7BZHviJif88j\nb/UF1rACbHsaQejkjigl4Rf74K88kczNPYtcreJ1bST2b9Nip4lrvPFkZVx6O5GN\n7Qu2+KlhPNwqpxcgAM0c18qMvjiN4XTdtgfDmLgth9oLFCNipH9XzdlRaH4cm79o\nJtvHOGY+UKXiWfzdH4RgyTrTcONBkeew3YnPOE7g0AleYfkIpZ4UOMfmvcsabQ==\n-----END RSA PRIVATE KEY-----\n",
            "private_key_pem_pkcs8": "-----BEGIN PRIVATE KEY-----\nMIIJRAIBADANBgkqhkiG9w0BAQEFAASCCS4wggkqAgEAAoICAQDllxOjfNqCyvZJ\n0o2fgu8bJGBIOEv0I4BeoU4xiPggN14NcTrZ21TrJWWN22RzoitnBjHUBDxPStuT\nlWWU8twXi2ivlDJfvA8cpMYSAtjzcfldKoSACbQF1mWOlaE4kp8SHjt/NPZ9DWBK\nvu07qyNZYBq46QG2i1ewddYiY6Rin/CGHu6LTmss27B6kdZhg+QYNP7pttDXoRkb\nrrGowynq/7sJHKp4bxcmBVqhyrR2VOmOndXA5a+X0ljArNuqeft3ODgy0Daipw/v\nXy3Y0AW5JcRuBOmBDgRAbGKkpwuXEbbtES8HkpCJ57cMRbVEN0QFW3Ee2TVGMsJe\nGbFUn87Nr33+7AJ/O2RoN2osivaZnryRHWWsWYnXHYrhw1rS4PABXBF/1ArJuTlt\nP5JV8lFaT0YIjQMdxurv86l5f7/B1IhdRlDU9Bg3YjGn3o+3PNZEcfUjWqnRHI5f\nOg0yDNYCKR0oFaFVOLZkiZSO9L8nVJ8/lhkWibXwhftUTVfaMG6vWqYWBkSn0wOt\n0wka4WUP78qo89KTLs97INAVgiCSSGRyUIVlGIAbG3XJoV/kbUItqeUemLd232z8\ndjA0tw+B5E5VNbjvjJkBnzlGRJ+Hp5dilsPB5MpaOYFsGOHBgIHt3OAMszLPm8nU\nlPJdd92NouNsVQ2Y897QDuXxvuKkJwIDAQABAoICAB+xG4phRS5xws6M7HS817Go\n80t0zfM85U7quEb5L7sOuYJkg2moL5AoAN00kCiwFYqqnb00+ng9jpLQOA33+i6b\n1U8LR2rUpEdhbV/2Gal9LZ1RLaoY7MszfaBRgkgzYRbYqoDUOEQp0QVwVoH6jS4c\nqIOm0lA26ttWYMEtfPcKOeLhqS78m6m9B57bu7qJQLagtiFf1XM2bydVlXuEuSgR\ntek7lkJ6nzjl201jFEcTUIwZuHRgoDz2Ub8C/W2KWg5qacOF30zTf80cl9EKYgfd\nMUC4l9zzKN4VuAYfcuefD9+olBPZBO+sVyWwB6YLdO3CYhqOhB6VCiSAKmzShHK4\nCcRnwVVUg91ZpUqsxXa/+hh5yyxm7Ib6JW5Te4mfsYMD4T93ikCdTTTUaSPwdYgP\ngI+cyNFNwGK4J8RJgOdT7VqcN+oL8fC6dTr6KiQ2NhoLns3X/KzlCUhYK3oxGIbM\n/u56wsWYnril09Oqi5Be4kwPxcAPIjYJzHm3ARmEKcHixEZm5RxrfwP0c82tJ6s2\n6bKo7zNTMwmhRcw7oCNCtqxbcFelTfSXwOq2HIBJVNbH5lPhslRsyPtyVp9d7nPZ\nt9FpDfwBAheKshTKIBTHXWzxiYSNXGVgewomMEseEkGZcUvoOmBIWlYHH/yMs2jB\nFRJO19PjAzHqOnR0pXx1AoIBAQD+MEuTYMK/PORp782K27rFrwQLV7SOSZEQJ540\nWZFLb4cQ1NPOQqOTv1sWJdJf8IPNItgcV6uzCWkv6Koy0F20NY1v/J+sjyTQKdgA\n+thTTD0uk0DaYIuqOFqp/2Y8P4aem+3SzzEsoiajaBvJKa6angJXWe3TfD7qhTbK\n/RXJFle+zH8wHM/p48EZlqU/I+ocJyvx21cMkvFTRC0fJlXw5HqxAe6CqA7llsyX\nRnPDXNiPB+52Mqvb3IMlU4Qw+84Kymn2/aSWMq+PCkrCg9xSwdKezmiiXaqTCSMZ\nY8WRzEfCwoy9hCbfZAZTKHdDYsGOu7rVD3a6AxdhJujC4sY1AoIBAQDnOehVgyEa\niLkdwY91mGaf3ddxAUyHv2RiEqScH//MVwsOfMWU9vbNSls9GyzHPX4sqMDvbwMh\n6VoJw23R0Xhy/dwIHnZXT+QbjAXuq5kFEIIrmhmpCP7ECspTh20HHMK5gGhaeJhX\ng2Aje4PtKmS4oKxMsF0jOPehh+26aypa1FucwD5M+sUBH5nE304WlCoRsvrC5JfZ\n5VszepMuzJgIREUoN3dGRDTa3RfsBsfBl5DSVSLj/N+G4ove1RXtzyud/DYKd75H\nLJ55drDLiBGA8gWMfzcUIU6a3rT6RdFOFATEpLLsk4ySnKpKgQ38rT10sw0W8iD1\nBUBJOG3oPBxrAoIBAQCH26BJQSpVtGIRDQ667P5Csmxi85mZg1B5ZfN033p86zsx\nj881KwDq8xfoGob6qD6J4dnILEOlCZ6i8KQnTJ8ItqbF+CwPuuJeMD83JtuAifsZ\nbbL4BSog7MXono0yHnIBTC4swnjx9ijYpchUGGcuVM3DillG891c056Zl/OQ6tQz\nMnG4cW3fANAwsQfZW4TBT155glZgbhl1+7ZyM7czbar1+KZWRyTPKW5oXEt7W6CT\nshWOLz8T4CRoSt8Ynz1dHxrL3H2fma+jsEiM9pVH1jiQkJn0TkPhGr0b0OvEJX8l\nZX57vKpaM8f9ol88MQhrFYOiZQV8HjLcxkMaBsMRAoIBAQDdPAG5N8LHsYN1HgrW\nGCAw28BTxktkItK4J2BKZS+JYssYbHdbhUQ0ve04NTUN2R9NOZWIQa48lxnn942u\n0H4vgAcz2XmfJrh5RusyJgs91kLF1yawHgQsrKpTa2L9CB6kAGFYFsSkDvZAXOCo\nXgSKxmi045Xpqor8iaMC16Bp0X9qJmI1o0Y1QfgNbx826UKrNpVJPhCwkgtF4QTM\nJUNdvXxx80fy+jWcJyjJUt9zskIFjSHaA8wXMdFkPntB0xPHkFZgg5uSW/Ww/8g+\npQ0iU+7NM7cOUqPz+BwuzfhqfSrmvzLWuoIokS86I+qvFU6UxvBCQR8ZcJHGvPAj\n4MfLAoIBAQCEHwjyGwoN8vZBdgjqP9NGLTMwHdhKT5aJkP+Pe2XZvKa0O7WPtEHO\nDMYIFpwmPu2mTY8ipKyCZ03ChiKkAwxItdntTir3bUF/nNWZVYxtlR0X/0yHjw1h\nGoPGlRg2lsXCKEjEtyhdqXLsFke+ImJ/zyNv9QXWsAJsexpB6OSOKCXhF/vgrzyR\nzM09i1yt4nVtJPZv02KniWu88WRlXHo7kY3tC7b4qWE83CqnFyAAzRzXyoy+OI3h\ndN22B8OYuC2H2gsUI2Kkf1fN2VFofhybv2gm28c4Zj5QpeJZ/N0fhGDJOtNw40GR\n57Ddic84TuDQCV5h+QilnhQ4x+a9yxpt\n-----END PRIVATE KEY-----\n",
            "public_key_fingerprint_md5": "85:6c:f1:72:f0:27:6d:e1:31:b7:12:75:8f:7a:7b:c1",
            "public_key_fingerprint_sha256": "SHA256:SFfMqAk9ph9ItTzi98s69mNc5uFhmM45U4VSBqHnngg",
            "public_key_openssh": "ssh-rsa AAAAB3NzaC1yc2EAAAADAQABAAACAQDllxOjfNqCyvZJ0o2fgu8bJGBIOEv0I4BeoU4xiPggN14NcTrZ21TrJWWN22RzoitnBjHUBDxPStuTlWWU8twXi2ivlDJfvA8cpMYSAtjzcfldKoSACbQF1mWOlaE4kp8SHjt/NPZ9DWBKvu07qyNZYBq46QG2i1ewddYiY6Rin/CGHu6LTmss27B6kdZhg+QYNP7pttDXoRkbrrGowynq/7sJHKp4bxcmBVqhyrR2VOmOndXA5a+X0ljArNuqeft3ODgy0Daipw/vXy3Y0AW5JcRuBOmBDgRAbGKkpwuXEbbtES8HkpCJ57cMRbVEN0QFW3Ee2TVGMsJeGbFUn87Nr33+7AJ/O2RoN2osivaZnryRHWWsWYnXHYrhw1rS4PABXBF/1ArJuTltP5JV8lFaT0YIjQMdxurv86l5f7/B1IhdRlDU9Bg3YjGn3o+3PNZEcfUjWqnRHI5fOg0yDNYCKR0oFaFVOLZkiZSO9L8nVJ8/lhkWibXwhftUTVfaMG6vWqYWBkSn0wOt0wka4WUP78qo89KTLs97INAVgiCSSGRyUIVlGIAbG3XJoV/kbUItqeUemLd232z8djA0tw+B5E5VNbjvjJkBnzlGRJ+Hp5dilsPB5MpaOYFsGOHBgIHt3OAMszLPm8nUlPJdd92NouNsVQ2Y897QDuXxvuKkJw==\n",
            "public_key_pem": "-----BEGIN PUBLIC KEY-----\nMIICIjANBgkqhkiG9w0BAQEFAAOCAg8AMIICCgKCAgEA5ZcTo3zagsr2SdKNn4Lv\nGyRgSDhL9COAXqFOMYj4IDdeDXE62dtU6yVljdtkc6IrZwYx1AQ8T0rbk5VllPLc\nF4tor5QyX7wPHKTGEgLY83H5XSqEgAm0BdZljpWhOJKfEh47fzT2fQ1gSr7tO6sj\nWWAauOkBtotXsHXWImOkYp/whh7ui05rLNuwepHWYYPkGDT+6bbQ16EZG66xqMMp\n6v+7CRyqeG8XJgVaocq0dlTpjp3VwOWvl9JYwKzbqnn7dzg4MtA2oqcP718t2NAF\nuSXEbgTpgQ4EQGxipKcLlxG27REvB5KQiee3DEW1RDdEBVtxHtk1RjLCXhmxVJ/O\nza99/uwCfztkaDdqLIr2mZ68kR1lrFmJ1x2K4cNa0uDwAVwRf9QKybk5bT+SVfJR\nWk9GCI0DHcbq7/OpeX+/wdSIXUZQ1PQYN2Ixp96PtzzWRHH1I1qp0RyOXzoNMgzW\nAikdKBWhVTi2ZImUjvS/J1SfP5YZFom18IX7VE1X2jBur1qmFgZEp9MDrdMJGuFl\nD+/KqPPSky7PeyDQFYIgkkhkclCFZRiAGxt1yaFf5G1CLanlHpi3dt9s/HYwNLcP\ngeROVTW474yZAZ85RkSfh6eXYpbDweTKWjmBbBjhwYCB7dzgDLMyz5vJ1JTyXXfd\njaLjbFUNmPPe0A7l8b7ipCcCAwEAAQ==\n-----END PUBLIC KEY-----\n",
            "rsa_bits": 4096
          },
          "sensitive_attributes": [
            [
              {
                "type": "get_attr",
                "value": "private_key_openssh"
              }
            ],
            [
              {
                "type": "get_attr",
                "value": "private_key_pem"
              }
            ],
            [
              {
                "type": "get_attr",
                "value": "private_key_pem_pkcs8"
              }
            ]
          ],
          "identity_schema_version": 0
        }
      ]
    }
  ],
  "check_results": null
}
